
Microsoft Visual Studio Solution File, Format Version 12.00
# Visual Studio Version 16
VisualStudioVersion = 16.0.33801.447
MinimumVisualStudioVersion = 10.0.40219.1
Project("{FAE04EC0-301F-11D3-BF4B-00C04F79EFBC}") = "Test_List_Ornek", "Test_List_Ornek\Test_List_Ornek.csproj", "{433913F9-6EDB-4145-B927-C0F22AB3ECB8}"
EndProject
Global
	GlobalSection(SolutionConfigurationPlatforms) = preSolution
		Debug|Any CPU = Debug|Any CPU
		Release|Any CPU = Release|Any CPU
	EndGlobalSection
	GlobalSection(ProjectConfigurationPlatforms) = postSolution
		{433913F9-6EDB-4145-B927-C0F22AB3ECB8}.Debug|Any CPU.ActiveCfg = Debug|Any CPU
		{433913F9-6EDB-4145-B927-C0F22AB3ECB8}.Debug|Any CPU.Build.0 = Debug|Any CPU
		{433913F9-6EDB-4145-B927-C0F22AB3ECB8}.Release|Any CPU.ActiveCfg = Release|Any CPU
		{433913F9-6EDB-4145-B927-C0F22AB3ECB8}.Release|Any CPU.Build.0 = Release|Any CPU
	EndGlobalSection
	GlobalSection(SolutionProperties) = preSolution
		HideSolutionNode = FALSE
	EndGlobalSection
	GlobalSection(ExtensibilityGlobals) = postSolution
		SolutionGuid = {CDCBF8BB-257C-4C34-B691-EC3264CEE5A8}
	EndGlobalSection
EndGlobal
